
Microsoft Visual Studio Solution File, Format Version 12.00
# Visual Studio Version 17
VisualStudioVersion = 17.4.33110.190
MinimumVisualStudioVersion = 10.0.40219.1
Project("{FAE04EC0-301F-11D3-BF4B-00C04F79EFBC}") = "SingleTonDesign", "SingleTonDesign.csproj", "{B25278D6-0D10-4820-AF2F-7133D0B794D5}"
EndProject
Global
	GlobalSection(SolutionConfigurationPlatforms) = preSolution
		Debug|Any CPU = Debug|Any CPU
		Release|Any CPU = Release|Any CPU
	EndGlobalSection
	GlobalSection(ProjectConfigurationPlatforms) = postSolution
		{B25278D6-0D10-4820-AF2F-7133D0B794D5}.Debug|Any CPU.ActiveCfg = Debug|Any CPU
		{B25278D6-0D10-4820-AF2F-7133D0B794D5}.Debug|Any CPU.Build.0 = Debug|Any CPU
		{B25278D6-0D10-4820-AF2F-7133D0B794D5}.Release|Any CPU.ActiveCfg = Release|Any CPU
		{B25278D6-0D10-4820-AF2F-7133D0B794D5}.Release|Any CPU.Build.0 = Release|Any CPU
	EndGlobalSection
	GlobalSection(SolutionProperties) = preSolution
		HideSolutionNode = FALSE
	EndGlobalSection
	GlobalSection(ExtensibilityGlobals) = postSolution
		SolutionGuid = {671FF225-57BC-473B-AC2A-949F1895FD56}
	EndGlobalSection
EndGlobal
